{
  "lockfileVersion": 2,
  "configVersion": 1,
  "workspaces": {
    "": {
      "name": "@superschematic/http-runtime",
      "devDependencies": {
        "@hono/node-server": "2.1.1",
        "@types/node": "22.19.9",
        "hono": "4.13.8",
        "typescript": "5.9.3",
      },
      "peerDependencies": {
        "@hono/node-server": "2.1.1",
        "hono": "4.13.8",
      },
      "optionalPeers": [
        "@hono/node-server",
      ],
    },
  },
  "packages": {
    "@hono/node-server": ["@hono/node-server@2.1.1", "", { "peerDependencies": { "hono": "^4" } }, "sha512-ELuehkj5VCBdgEw9zs+ivkKwyzzUCSQuE96YmiPvn1ECBoZCczbFXJLeEGMTYjphP6gydh4pHMqEYPVMYUVgQg=="],

    "@types/node": ["@types/node@22.19.9", "", { "dependencies": { "undici-types": "~6.21.0" } }, "sha512-PD03/U8g1F9T9MI+1OBisaIARhSzeidsUjQaf51fOxrfjeiKN9bLVO06lHuHYjxdnqLWJijJHfqXPSJri2EM2A=="],

    "hono": ["hono@4.13.8", "", {}, "sha512-/Gng7NfoykZl2pjukW5Z6+8Yxm3BPRf86GTbQnt0SbySkvax4fyL4H3HhY1cCpBGmiW9XDRFzRV+CXK2W8QudQ=="],

    "typescript": ["typescript@5.9.3", "", { "bin": { "tsc": "bin/tsc", "tsserver": "bin/tsserver" } }, "sha512-jl1vZzPDinLr9eUt3J/t7V6FgNEw9QjvBPdysz9KfQDD41fQrC2Y4vKQdiaUpFT4bXlb1RHhLpp8wtm6M5TgSw=="],

    "undici-types": ["undici-types@6.21.0", "", {}, "sha512-iwDZqg0QAGrg9Rav5H4n0M64c3mkR59cJ6wQp+7C4nI0gsmExaedaYLNO44eT4AtBBwjbTiGPMlt2Md0T9H9JQ=="],
  }
}
